uuid: f8dd9724-8299-439e-9e86-3581bc943158
langcode: en
status: true
dependencies:
  config:
    - field.storage.paragraph.field_paragraph_block
    - paragraphs.paragraphs_type.block
  module:
    - block_field
id: paragraph.block.field_paragraph_block
field_name: field_paragraph_block
entity_type: paragraph
bundle: block
label: Block
description: ''
required: false
translatable: false
default_value: {  }
default_value_callback: ''
settings:
  selection: blocks
  selection_settings:
    plugin_ids:
      page_title_block: page_title_block
      radio_station_program_guide: radio_station_program_guide
      'views_block:events-list': 'views_block:events-list'
      'views_block:events-gigs': 'views_block:events-gigs'
      'views_block:events-all': 'views_block:events-all'
      'views_block:events-pbs_presents': 'views_block:events-pbs_presents'
      'views_block:events_indexed-pbs_events': 'views_block:events_indexed-pbs_events'
      'views_block:events_indexed-pbs_gig_guide': 'views_block:events_indexed-pbs_gig_guide'
      'views_block:events_indexed-pbs_presents': 'views_block:events_indexed-pbs_presents'
      'views_block:news-all': 'views_block:news-all'
      'views_block:news-community_arts': 'views_block:news-community_arts'
      'views_block:news-presents': 'views_block:news-presents'
      'views_block:programs-all': 'views_block:programs-all'
      'views_block:search_all-search_all': 'views_block:search_all-search_all'
      'views_block:spotlight-all': 'views_block:spotlight-all'
      'views_exposed_filter_block:search_all-search_all': 'views_exposed_filter_block:search_all-search_all'
field_type: block_field
